// !$*UTF8*$!
{
	archiveVersion = 1;
	classes = {
	};
	objectVersion = 50;
	objects = {

/* Begin PBXBuildFile section */
		37E1E3EB2C82625309D318D0 /* Pods_CostOfLivingAlone.framework in Frameworks */ = {isa = PBXBuildFile; fileRef = 528EC17461A49EBB9E561D2D /* Pods_CostOfLivingAlone.framework */; };
		93C608D021633BD100FD64E0 /* AppDelegate.swift in Sources */ = {isa = PBXBuildFile; fileRef = 93C608CF21633BD100FD64E0 /* AppDelegate.swift */; };
		93C608D221633BD100FD64E0 /* ViewController.swift in Sources */ = {isa = PBXBuildFile; fileRef = 93C608D121633BD100FD64E0 /* ViewController.swift */; };
		93C608D521633BD100FD64E0 /* Main.storyboard in Resources */ = {isa = PBXBuildFile; fileRef = 93C608D321633BD100FD64E0 /* Main.storyboard */; };
		93C608D721633BD200FD64E0 /* Assets.xcassets in Resources */ = {isa = PBXBuildFile; fileRef = 93C608D621633BD200FD64E0 /* Assets.xcassets */; };
		93C608DA21633BD200FD64E0 /* LaunchScreen.storyboard in Resources */ = {isa = PBXBuildFile; fileRef = 93C608D821633BD200FD64E0 /* LaunchScreen.storyboard */; };
		93C608E521633BD200FD64E0 /* CostOfLivingAloneTests.swift in Sources */ = {isa = PBXBuildFile; fileRef = 93C608E421633BD200FD64E0 /* CostOfLivingAloneTests.swift */; };
		93C608F02163783D00FD64E0 /* GoogleService-Info.plist in Resources */ = {isa = PBXBuildFile; fileRef = 93C608EF2163783D00FD64E0 /* GoogleService-Info.plist */; };
		B46E4CCB1D185A0A0EDB600E /* Pods_CostOfLivingAloneTests.framework in Frameworks */ = {isa = PBXBuildFile; fileRef = 83B5BFC2AAD91FE9459559D2 /* Pods_CostOfLivingAloneTests.framework */; };
/* End PBXBuildFile section */

/* Begin PBXContainerItemProxy section */
		93C608E121633BD200FD64E0 /* PBXContainerItemProxy */ = {
			isa = PBXContainerItemProxy;
			containerPortal = 93C608C421633BD100FD64E0 /* Project object */;
			proxyType = 1;
			remoteGlobalIDString = 93C608CB21633BD100FD64E0;
			remoteInfo = CostOfLivingAlone;
		};
/* End PBXContainerItemProxy section */

/* Begin PBXFileReference section */
		4DA784BFCE94DF84BBF60A3E /* Pods-CostOfLivingAlone.release.xcconfig */ = {isa = PBXFileReference; includeInIndex = 1; lastKnownFileType = text.xcconfig; name = "Pods-CostOfLivingAlone.release.xcconfig"; path = "Pods/Target Support Files/Pods-CostOfLivingAlone/Pods-CostOfLivingAlone.release.xcconfig"; sourceTree = "<group>"; };
		528EC17461A49EBB9E561D2D /* Pods_CostOfLivingAlone.framework */ = {isa = PBXFileReference; explicitFileType = wrapper.framework; includeInIndex = 0; path = Pods_CostOfLivingAlone.framework; sourceTree = BUILT_PRODUCTS_DIR; };
		5A5E48E8DD5DFC9E6FDCAA98 /* Pods-CostOfLivingAlone.debug.xcconfig */ = {isa = PBXFileReference; includeInIndex = 1; lastKnownFileType = text.xcconfig; name = "Pods-CostOfLivingAlone.debug.xcconfig"; path = "Pods/Target Support Files/Pods-CostOfLivingAlone/Pods-CostOfLivingAlone.debug.xcconfig"; sourceTree = "<group>"; };
		83B5BFC2AAD91FE9459559D2 /* Pods_CostOfLivingAloneTests.framework */ = {isa = PBXFileReference; explicitFileType = wrapper.framework; includeInIndex = 0; path = Pods_CostOfLivingAloneTests.framework; sourceTree = BUILT_PRODUCTS_DIR; };
		93C608CC21633BD100FD64E0 /* CostOfLivingAlone.app */ = {isa = PBXFileReference; explicitFileType = wrapper.application; includeInIndex = 0; path = CostOfLivingAlone.app; sourceTree = BUILT_PRODUCTS_DIR; };
		93C608CF21633BD100FD64E0 /* AppDelegate.swift */ = {isa = PBXFileReference; lastKnownFileType = sourcecode.swift; path = AppDelegate.swift; sourceTree = "<group>"; };
		93C608D121633BD100FD64E0 /* ViewController.swift */ = {isa = PBXFileReference; lastKnownFileType = sourcecode.swift; path = ViewController.swift; sourceTree = "<group>"; };
		93C608D421633BD100FD64E0 /* Base */ = {isa = PBXFileReference; lastKnownFileType = file.storyboard; name = Base; path = Base.lproj/Main.storyboard; sourceTree = "<group>"; };
		93C608D621633BD200FD64E0 /* Assets.xcassets */ = {isa = PBXFileReference; lastKnownFileType = folder.assetcatalog; path = Assets.xcassets; sourceTree = "<group>"; };
		93C608D921633BD200FD64E0 /* Base */ = {isa = PBXFileReference; lastKnownFileType = file.storyboard; name = Base; path = Base.lproj/LaunchScreen.storyboard; sourceTree = "<group>"; };
		93C608DB21633BD200FD64E0 /* Info.plist */ = {isa = PBXFileReference; lastKnownFileType = text.plist.xml; path = Info.plist; sourceTree = "<group>"; };
		93C608E021633BD200FD64E0 /* CostOfLivingAloneTests.xctest */ = {isa = PBXFileReference; explicitFileType = wrapper.cfbundle; includeInIndex = 0; path = CostOfLivingAloneTests.xctest; sourceTree = BUILT_PRODUCTS_DIR; };
		93C608E421633BD200FD64E0 /* CostOfLivingAloneTests.swift */ = {isa = PBXFileReference; lastKnownFileType = sourcecode.swift; path = CostOfLivingAloneTests.swift; sourceTree = "<group>"; };
		93C608E621633BD200FD64E0 /* Info.plist */ = {isa = PBXFileReference; lastKnownFileType = text.plist.xml; path = Info.plist; sourceTree = "<group>"; };
		93C608EF2163783D00FD64E0 /* GoogleService-Info.plist */ = {isa = PBXFileReference; fileEncoding = 4; lastKnownFileType = text.plist.xml; path = "GoogleService-Info.plist"; sourceTree = "<group>"; };
		A44B784DFE9769F47944A22E /* Pods-CostOfLivingAloneTests.release.xcconfig */ = {isa = PBXFileReference; includeInIndex = 1; lastKnownFileType = text.xcconfig; name = "Pods-CostOfLivingAloneTests.release.xcconfig"; path = "Pods/Target Support Files/Pods-CostOfLivingAloneTests/Pods-CostOfLivingAloneTests.release.xcconfig"; sourceTree = "<group>"; };
		D0718D72DF4E85D1D0FC2224 /* Pods-CostOfLivingAloneTests.debug.xcconfig */ = {isa = PBXFileReference; includeInIndex = 1; lastKnownFileType = text.xcconfig; name = "Pods-CostOfLivingAloneTests.debug.xcconfig"; path = "Pods/Target Support Files/Pods-CostOfLivingAloneTests/Pods-CostOfLivingAloneTests.debug.xcconfig"; sourceTree = "<group>"; };
/* End PBXFileReference section */

/* Begin PBXFrameworksBuildPhase section */
		93C608C921633BD100FD64E0 /* Frameworks */ = {
			isa = PBXFrameworksBuildPhase;
			buildActionMask = 2147483647;
			files = (
				37E1E3EB2C82625309D318D0 /* Pods_CostOfLivingAlone.framework in Frameworks */,
			);
			runOnlyForDeploymentPostprocessing = 0;
		};
		93C608DD21633BD200FD64E0 /* Frameworks */ = {
			isa = PBXFrameworksBuildPhase;
			buildActionMask = 2147483647;
			files = (
				B46E4CCB1D185A0A0EDB600E /* Pods_CostOfLivingAloneTests.framework in Frameworks */,
			);
			runOnlyForDeploymentPostprocessing = 0;
		};
/* End PBXFrameworksBuildPhase section */

/* Begin PBXGroup section */
		93C608C321633BD100FD64E0 = {
			isa = PBXGroup;
			children = (
				93C608CE21633BD100FD64E0 /* CostOfLivingAlone */,
				93C608E321633BD200FD64E0 /* CostOfLivingAloneTests */,
				93C608CD21633BD100FD64E0 /* Products */,
				C65AB0B38277AFDC92A4F385 /* Pods */,
				F4CFF5D1558BFB8E54410530 /* Frameworks */,
			);
			sourceTree = "<group>";
		};
		93C608CD21633BD100FD64E0 /* Products */ = {
			isa = PBXGroup;
			children = (
				93C608CC21633BD100FD64E0 /* CostOfLivingAlone.app */,
				93C608E021633BD200FD64E0 /* CostOfLivingAloneTests.xctest */,
			);
			name = Products;
			sourceTree = "<group>";
		};
		93C608CE21633BD100FD64E0 /* CostOfLivingAlone */ = {
			isa = PBXGroup;
			children = (
				93C608CF21633BD100FD64E0 /* AppDelegate.swift */,
				93C608D121633BD100FD64E0 /* ViewController.swift */,
				93C608D321633BD100FD64E0 /* Main.storyboard */,
				93C608D621633BD200FD64E0 /* Assets.xcassets */,
				93C608D821633BD200FD64E0 /* LaunchScreen.storyboard */,
				93C608DB21633BD200FD64E0 /* Info.plist */,
				93C608EF2163783D00FD64E0 /* GoogleService-Info.plist */,
			);
			path = CostOfLivingAlone;
			sourceTree = "<group>";
		};
		93C608E321633BD200FD64E0 /* CostOfLivingAloneTests */ = {
			isa = PBXGroup;
			children = (
				93C608E421633BD200FD64E0 /* CostOfLivingAloneTests.swift */,
				93C608E621633BD200FD64E0 /* Info.plist */,
			);
			path = CostOfLivingAloneTests;
			sourceTree = "<group>";
		};
		C65AB0B38277AFDC92A4F385 /* Pods */ = {
			isa = PBXGroup;
			children = (
				5A5E48E8DD5DFC9E6FDCAA98 /* Pods-CostOfLivingAlone.debug.xcconfig */,
				4DA784BFCE94DF84BBF60A3E /* Pods-CostOfLivingAlone.release.xcconfig */,
				D0718D72DF4E85D1D0FC2224 /* Pods-CostOfLivingAloneTests.debug.xcconfig */,
				A44B784DFE9769F47944A22E /* Pods-CostOfLivingAloneTests.release.xcconfig */,
			);
			name = Pods;
			sourceTree = "<group>";
		};
		F4CFF5D1558BFB8E54410530 /* Frameworks */ = {
			isa = PBXGroup;
			children = (
				528EC17461A49EBB9E561D2D /* Pods_CostOfLivingAlone.framework */,
				83B5BFC2AAD91FE9459559D2 /* Pods_CostOfLivingAloneTests.framework */,
			);
			name = Frameworks;
			sourceTree = "<group>";
		};
/* End PBXGroup section */

/* Begin PBXNativeTarget section */
		93C608CB21633BD100FD64E0 /* CostOfLivingAlone */ = {
			isa = PBXNativeTarget;
			buildConfigurationList = 93C608E921633BD200FD64E0 /* Build configuration list for PBXNativeTarget "CostOfLivingAlone" */;
			buildPhases = (
				11A23E371446FBD407E1EE95 /* [CP] Check Pods Manifest.lock */,
				93C608C821633BD100FD64E0 /* Sources */,
				93C608C921633BD100FD64E0 /* Frameworks */,
				93C608CA21633BD100FD64E0 /* Resources */,
				E49E9FEDD675AD1E8057B50E /* [CP] Embed Pods Frameworks */,
			);
			buildRules = (
			);
			dependencies = (
			);
			name = CostOfLivingAlone;
			productName = CostOfLivingAlone;
			productReference = 93C608CC21633BD100FD64E0 /* CostOfLivingAlone.app */;
			productType = "com.apple.product-type.application";
		};
		93C608DF21633BD200FD64E0 /* CostOfLivingAloneTests */ = {
			isa = PBXNativeTarget;
			buildConfigurationList = 93C608EC21633BD200FD64E0 /* Build configuration list for PBXNativeTarget "CostOfLivingAloneTests" */;
			buildPhases = (
				16935E285520EFD0ECF972F3 /* [CP] Check Pods Manifest.lock */,
				93C608DC21633BD200FD64E0 /* Sources */,
				93C608DD21633BD200FD64E0 /* Frameworks */,
				93C608DE21633BD200FD64E0 /* Resources */,
			);
			buildRules = (
			);
			dependencies = (
				93C608E221633BD200FD64E0 /* PBXTargetDependency */,
			);
			name = CostOfLivingAloneTests;
			productName = CostOfLivingAloneTests;
			productReference = 93C608E021633BD200FD64E0 /* CostOfLivingAloneTests.xctest */;
			productType = "com.apple.product-type.bundle.unit-test";
		};
/* End PBXNativeTarget section */

/* Begin PBXProject section */
		93C608C421633BD100FD64E0 /* Project object */ = {
			isa = PBXProject;
			attributes = {
				LastSwiftUpdateCheck = 1000;
				LastUpgradeCheck = 1000;
				ORGANIZATIONNAME = tanakayoshiaki;
				TargetAttributes = {
					93C608CB21633BD100FD64E0 = {
						CreatedOnToolsVersion = 10.0;
					};
					93C608DF21633BD200FD64E0 = {
						CreatedOnToolsVersion = 10.0;
						TestTargetID = 93C608CB21633BD100FD64E0;
					};
				};
			};
			buildConfigurationList = 93C608C721633BD100FD64E0 /* Build configuration list for PBXProject "CostOfLivingAlone" */;
			compatibilityVersion = "Xcode 9.3";
			developmentRegion = en;
			hasScannedForEncodings = 0;
			knownRegions = (
				en,
				Base,
			);
			mainGroup = 93C608C321633BD100FD64E0;
			productRefGroup = 93C608CD21633BD100FD64E0 /* Products */;
			projectDirPath = "";
			projectRoot = "";
			targets = (
				93C608CB21633BD100FD64E0 /* CostOfLivingAlone */,
				93C608DF21633BD200FD64E0 /* CostOfLivingAloneTests */,
			);
		};
/* End PBXProject section */

/* Begin PBXResourcesBuildPhase section */
		93C608CA21633BD100FD64E0 /* Resources */ = {
			isa = PBXResourcesBuildPhase;
			buildActionMask = 2147483647;
			files = (
				93C608DA21633BD200FD64E0 /* LaunchScreen.storyboard in Resources */,
				93C608D721633BD200FD64E0 /* Assets.xcassets in Resources */,
				93C608D521633BD100FD64E0 /* Main.storyboard in Resources */,
				93C608F02163783D00FD64E0 /* GoogleService-Info.plist in Resources */,
			);
			runOnlyForDeploymentPostprocessing = 0;
		};
		93C608DE21633BD200FD64E0 /* Resources */ = {
			isa = PBXResourcesBuildPhase;
			buildActionMask = 2147483647;
			files = (
			);
			runOnlyForDeploymentPostprocessing = 0;
		};
/* End PBXResourcesBuildPhase section */

/* Begin PBXShellScriptBuildPhase section */
		11A23E371446FBD407E1EE95 /* [CP] Check Pods Manifest.lock */ = {
			isa = PBXShellScriptBuildPhase;
			buildActionMask = 2147483647;
			files = (
			);
			inputPaths = (
				"${PODS_PODFILE_DIR_PATH}/Podfile.lock",
				"${PODS_ROOT}/Manifest.lock",
			);
			name = "[CP] Check Pods Manifest.lock";
			outputPaths = (
				"$(DERIVED_FILE_DIR)/Pods-CostOfLivingAlone-checkManifestLockResult.txt",
			);
			runOnlyForDeploymentPostprocessing = 0;
			shellPath = /bin/sh;
			shellScript = "diff \"${PODS_PODFILE_DIR_PATH}/Podfile.lock\" \"${PODS_ROOT}/Manifest.lock\" > /dev/null\nif [ $? != 0 ] ; then\n    # print error to STDERR\n    echo \"error: The sandbox is not in sync with the Podfile.lock. Run 'pod install' or update your CocoaPods installation.\" >&2\n    exit 1\nfi\n# This output is used by Xcode 'outputs' to avoid re-running this script phase.\necho \"SUCCESS\" > \"${SCRIPT_OUTPUT_FILE_0}\"\n";
			showEnvVarsInLog = 0;
		};
		16935E285520EFD0ECF972F3 /* [CP] Check Pods Manifest.lock */ = {
			isa = PBXShellScriptBuildPhase;
			buildActionMask = 2147483647;
			files = (
			);
			inputPaths = (
				"${PODS_PODFILE_DIR_PATH}/Podfile.lock",
				"${PODS_ROOT}/Manifest.lock",
			);
			name = "[CP] Check Pods Manifest.lock";
			outputPaths = (
				"$(DERIVED_FILE_DIR)/Pods-CostOfLivingAloneTests-checkManifestLockResult.txt",
			);
			runOnlyForDeploymentPostprocessing = 0;
			shellPath = /bin/sh;
			shellScript = "diff \"${PODS_PODFILE_DIR_PATH}/Podfile.lock\" \"${PODS_ROOT}/Manifest.lock\" > /dev/null\nif [ $? != 0 ] ; then\n    # print error to STDERR\n    echo \"error: The sandbox is not in sync with the Podfile.lock. Run 'pod install' or update your CocoaPods installation.\" >&2\n    exit 1\nfi\n# This output is used by Xcode 'outputs' to avoid re-running this script phase.\necho \"SUCCESS\" > \"${SCRIPT_OUTPUT_FILE_0}\"\n";
			showEnvVarsInLog = 0;
		};
		E49E9FEDD675AD1E8057B50E /* [CP] Embed Pods Frameworks */ = {
			isa = PBXShellScriptBuildPhase;
			buildActionMask = 2147483647;
			files = (
			);
			inputPaths = (
				"${SRCROOT}/Pods/Target Support Files/Pods-CostOfLivingAlone/Pods-CostOfLivingAlone-frameworks.sh",
				"${BUILT_PRODUCTS_DIR}/GoogleUtilities/GoogleUtilities.framework",
				"${BUILT_PRODUCTS_DIR}/nanopb/nanopb.framework",
			);
			name = "[CP] Embed Pods Frameworks";
			outputPaths = (
				"${TARGET_BUILD_DIR}/${FRAMEWORKS_FOLDER_PATH}/GoogleUtilities.framework",
				"${TARGET_BUILD_DIR}/${FRAMEWORKS_FOLDER_PATH}/nanopb.framework",
			);
			runOnlyForDeploymentPostprocessing = 0;
			shellPath = /bin/sh;
			shellScript = "\"${SRCROOT}/Pods/Target Support Files/Pods-CostOfLivingAlone/Pods-CostOfLivingAlone-frameworks.sh\"\n";
			showEnvVarsInLog = 0;
		};
/* End PBXShellScriptBuildPhase section */

/* Begin PBXSourcesBuildPhase section */
		93C608C821633BD100FD64E0 /* Sources */ = {
			isa = PBXSourcesBuildPhase;
			buildActionMask = 2147483647;
			files = (
				93C608D221633BD100FD64E0 /* ViewController.swift in Sources */,
				93C608D021633BD100FD64E0 /* AppDelegate.swift in Sources */,
			);
			runOnlyForDeploymentPostprocessing = 0;
		};
		93C608DC21633BD200FD64E0 /* Sources */ = {
			isa = PBXSourcesBuildPhase;
			buildActionMask = 2147483647;
			files = (
				93C608E521633BD200FD64E0 /* CostOfLivingAloneTests.swift in Sources */,
			);
			runOnlyForDeploymentPostprocessing = 0;
		};
/* End PBXSourcesBuildPhase section */

/* Begin PBXTargetDependency section */
		93C608E221633BD200FD64E0 /* PBXTargetDependency */ = {
			isa = PBXTargetDependency;
			target = 93C608CB21633BD100FD64E0 /* CostOfLivingAlone */;
			targetProxy = 93C608E121633BD200FD64E0 /* PBXContainerItemProxy */;
		};
/* End PBXTargetDependency section */

/* Begin PBXVariantGroup section */
		93C608D321633BD100FD64E0 /* Main.storyboard */ = {
			isa = PBXVariantGroup;
			children = (
				93C608D421633BD100FD64E0 /* Base */,
			);
			name = Main.storyboard;
			sourceTree = "<group>";
		};
		93C608D821633BD200FD64E0 /* LaunchScreen.storyboard */ = {
			isa = PBXVariantGroup;
			children = (
				93C608D921633BD200FD64E0 /* Base */,
			);
			name = LaunchScreen.storyboard;
			sourceTree = "<group>";
		};
/* End PBXVariantGroup section */

/* Begin XCBuildConfiguration section */
		93C608E721633BD200FD64E0 /* Debug */ = {
			isa = XCBuildConfiguration;
			buildSettings = {
				ALWAYS_SEARCH_USER_PATHS = NO;
				CLANG_ANALYZER_NONNULL = YES;
				CLANG_ANALYZER_NUMBER_OBJECT_CONVERSION = YES_AGGRESSIVE;
				CLANG_CXX_LANGUAGE_STANDARD = "gnu++14";
				CLANG_CXX_LIBRARY = "libc++";
				CLANG_ENABLE_MODULES = YES;
				CLANG_ENABLE_OBJC_ARC = YES;
				CLANG_ENABLE_OBJC_WEAK = YES;
				CLANG_WARN_BLOCK_CAPTURE_AUTORELEASING = YES;
				CLANG_WARN_BOOL_CONVERSION = YES;
				CLANG_WARN_COMMA = YES;
				CLANG_WARN_CONSTANT_CONVERSION = YES;
				CLANG_WARN_DEPRECATED_OBJC_IMPLEMENTATIONS = YES;
				CLANG_WARN_DIRECT_OBJC_ISA_USAGE = YES_ERROR;
				CLANG_WARN_DOCUMENTATION_COMMENTS = YES;
				CLANG_WARN_EMPTY_BODY = YES;
				CLANG_WARN_ENUM_CONVERSION = YES;
				CLANG_WARN_INFINITE_RECURSION = YES;
				CLANG_WARN_INT_CONVERSION = YES;
				CLANG_WARN_NON_LITERAL_NULL_CONVERSION = YES;
				CLANG_WARN_OBJC_IMPLICIT_RETAIN_SELF = YES;
				CLANG_WARN_OBJC_LITERAL_CONVERSION = YES;
				CLANG_WARN_OBJC_ROOT_CLASS = YES_ERROR;
				CLANG_WARN_RANGE_LOOP_ANALYSIS = YES;
				CLANG_WARN_STRICT_PROTOTYPES = YES;
				CLANG_WARN_SUSPICIOUS_MOVE = YES;
				CLANG_WARN_UNGUARDED_AVAILABILITY = YES_AGGRESSIVE;
				CLANG_WARN_UNREACHABLE_CODE = YES;
				CLANG_WARN__DUPLICATE_METHOD_MATCH = YES;
				CODE_SIGN_IDENTITY = "iPhone Developer";
				COPY_PHASE_STRIP = NO;
				DEBUG_INFORMATION_FORMAT = dwarf;
				ENABLE_STRICT_OBJC_MSGSEND = YES;
				ENABLE_TESTABILITY = YES;
				GCC_C_LANGUAGE_STANDARD = gnu11;
				GCC_DYNAMIC_NO_PIC = NO;
				GCC_NO_COMMON_BLOCKS = YES;
				GCC_OPTIMIZATION_LEVEL = 0;
				GCC_PREPROCESSOR_DEFINITIONS = (
					"DEBUG=1",
					"$(inherited)",
				);
				GCC_WARN_64_TO_32_BIT_CONVERSION = YES;
				GCC_WARN_ABOUT_RETURN_TYPE = YES_ERROR;
				GCC_WARN_UNDECLARED_SELECTOR = YES;
				GCC_WARN_UNINITIALIZED_AUTOS = YES_AGGRESSIVE;
				GCC_WARN_UNUSED_FUNCTION = YES;
				GCC_WARN_UNUSED_VARIABLE = YES;
				IPHONEOS_DEPLOYMENT_TARGET = 12.0;
				MTL_ENABLE_DEBUG_INFO = INCLUDE_SOURCE;
				MTL_FAST_MATH = YES;
				ONLY_ACTIVE_ARCH = YES;
				SDKROOT = iphoneos;
				SWIFT_ACTIVE_COMPILATION_CONDITIONS = DEBUG;
				SWIFT_OPTIMIZATION_LEVEL = "-Onone";
			};
			name = Debug;
		};
		93C608E821633BD200FD64E0 /* Release */ = {
			isa = XCBuildConfiguration;
			buildSettings = {
				ALWAYS_SEARCH_USER_PATHS = NO;
				CLANG_ANALYZER_NONNULL = YES;
				CLANG_ANALYZER_NUMBER_OBJECT_CONVERSION = YES_AGGRESSIVE;
				CLANG_CXX_LANGUAGE_STANDARD = "gnu++14";
				CLANG_CXX_LIBRARY = "libc++";
				CLANG_ENABLE_MODULES = YES;
				CLANG_ENABLE_OBJC_ARC = YES;
				CLANG_ENABLE_OBJC_WEAK = YES;
				CLANG_WARN_BLOCK_CAPTURE_AUTORELEASING = YES;
				CLANG_WARN_BOOL_CONVERSION = YES;
				CLANG_WARN_COMMA = YES;
				CLANG_WARN_CONSTANT_CONVERSION = YES;
				CLANG_WARN_DEPRECATED_OBJC_IMPLEMENTATIONS = YES;
				CLANG_WARN_DIRECT_OBJC_ISA_USAGE = YES_ERROR;
				CLANG_WARN_DOCUMENTATION_COMMENTS = YES;
				CLANG_WARN_EMPTY_BODY = YES;
				CLANG_WARN_ENUM_CONVERSION = YES;
				CLANG_WARN_INFINITE_RECURSION = YES;
				CLANG_WARN_INT_CONVERSION = YES;
				CLANG_WARN_NON_LITERAL_NULL_CONVERSION = YES;
				CLANG_WARN_OBJC_IMPLICIT_RETAIN_SELF = YES;
				CLANG_WARN_OBJC_LITERAL_CONVERSION = YES;
				CLANG_WARN_OBJC_ROOT_CLASS = YES_ERROR;
				CLANG_WARN_RANGE_LOOP_ANALYSIS = YES;
				CLANG_WARN_STRICT_PROTOTYPES = YES;
				CLANG_WARN_SUSPICIOUS_MOVE = YES;
				CLANG_WARN_UNGUARDED_AVAILABILITY = YES_AGGRESSIVE;
				CLANG_WARN_UNREACHABLE_CODE = YES;
				CLANG_WARN__DUPLICATE_METHOD_MATCH = YES;
				CODE_SIGN_IDENTITY = "iPhone Developer";
				COPY_PHASE_STRIP = NO;
				DEBUG_INFORMATION_FORMAT = "dwarf-with-dsym";
				ENABLE_NS_ASSERTIONS = NO;
				ENABLE_STRICT_OBJC_MSGSEND = YES;
				GCC_C_LANGUAGE_STANDARD = gnu11;
				GCC_NO_COMMON_BLOCKS = YES;
				GCC_WARN_64_TO_32_BIT_CONVERSION = YES;
				GCC_WARN_ABOUT_RETURN_TYPE = YES_ERROR;
				GCC_WARN_UNDECLARED_SELECTOR = YES;
				GCC_WARN_UNINITIALIZED_AUTOS = YES_AGGRESSIVE;
				GCC_WARN_UNUSED_FUNCTION = YES;
				GCC_WARN_UNUSED_VARIABLE = YES;
				IPHONEOS_DEPLOYMENT_TARGET = 12.0;
				MTL_ENABLE_DEBUG_INFO = NO;
				MTL_FAST_MATH = YES;
				SDKROOT = iphoneos;
				SWIFT_COMPILATION_MODE = wholemodule;
				SWIFT_OPTIMIZATION_LEVEL = "-O";
				VALIDATE_PRODUCT = YES;
			};
			name = Release;
		};
		93C608EA21633BD200FD64E0 /* Debug */ = {
			isa = XCBuildConfiguration;
			baseConfigurationReference = 5A5E48E8DD5DFC9E6FDCAA98 /* Pods-CostOfLivingAlone.debug.xcconfig */;
			buildSettings = {
				ASSETCATALOG_COMPILER_APPICON_NAME = AppIcon;
				CODE_SIGN_STYLE = Automatic;
				DEVELOPMENT_TEAM = UAF87342VZ;
				INFOPLIST_FILE = CostOfLivingAlone/Info.plist;
				LD_RUNPATH_SEARCH_PATHS = (
					"$(inherited)",
					"@executable_path/Frameworks",
				);
				PRODUCT_BUNDLE_IDENTIFIER = com.tanaka.CostOfLivingAlone;
				PRODUCT_NAME = "$(TARGET_NAME)";
				SWIFT_VERSION = 4.2;
				TARGETED_DEVICE_FAMILY = "1,2";
			};
			name = Debug;
		};
		93C608EB21633BD200FD64E0 /* Release */ = {
			isa = XCBuildConfiguration;
			baseConfigurationReference = 4DA784BFCE94DF84BBF60A3E /* Pods-CostOfLivingAlone.release.xcconfig */;
			buildSettings = {
				ASSETCATALOG_COMPILER_APPICON_NAME = AppIcon;
				CODE_SIGN_STYLE = Automatic;
				DEVELOPMENT_TEAM = UAF87342VZ;
				INFOPLIST_FILE = CostOfLivingAlone/Info.plist;
				LD_RUNPATH_SEARCH_PATHS = (
					"$(inherited)",
					"@executable_path/Frameworks",
				);
				PRODUCT_BUNDLE_IDENTIFIER = com.tanaka.CostOfLivingAlone;
				PRODUCT_NAME = "$(TARGET_NAME)";
				SWIFT_VERSION = 4.2;
				TARGETED_DEVICE_FAMILY = "1,2";
			};
			name = Release;
		};
		93C608ED21633BD200FD64E0 /* Debug */ = {
			isa = XCBuildConfiguration;
			baseConfigurationReference = D0718D72DF4E85D1D0FC2224 /* Pods-CostOfLivingAloneTests.debug.xcconfig */;
			buildSettings = {
				ALWAYS_EMBED_SWIFT_STANDARD_LIBRARIES = YES;
				BUNDLE_LOADER = "$(TEST_HOST)";
				CODE_SIGN_STYLE = Automatic;
				DEVELOPMENT_TEAM = UAF87342VZ;
				INFOPLIST_FILE = CostOfLivingAloneTests/Info.plist;
				LD_RUNPATH_SEARCH_PATHS = (
					"$(inherited)",
					"@executable_path/Frameworks",
					"@loader_path/Frameworks",
				);
				PRODUCT_BUNDLE_IDENTIFIER = com.tanaka.CostOfLivingAloneTests;
				PRODUCT_NAME = "$(TARGET_NAME)";
				SWIFT_VERSION = 4.2;
				TARGETED_DEVICE_FAMILY = "1,2";
				TEST_HOST = "$(BUILT_PRODUCTS_DIR)/CostOfLivingAlone.app/CostOfLivingAlone";
			};
			name = Debug;
		};
		93C608EE21633BD200FD64E0 /* Release */ = {
			isa = XCBuildConfiguration;
			baseConfigurationReference = A44B784DFE9769F47944A22E /* Pods-CostOfLivingAloneTests.release.xcconfig */;
			buildSettings = {
				ALWAYS_EMBED_SWIFT_STANDARD_LIBRARIES = YES;
				BUNDLE_LOADER = "$(TEST_HOST)";
				CODE_SIGN_STYLE = Automatic;
				DEVELOPMENT_TEAM = UAF87342VZ;
				INFOPLIST_FILE = CostOfLivingAloneTests/Info.plist;
				LD_RUNPATH_SEARCH_PATHS = (
					"$(inherited)",
					"@executable_path/Frameworks",
					"@loader_path/Frameworks",
				);
				PRODUCT_BUNDLE_IDENTIFIER = com.tanaka.CostOfLivingAloneTests;
				PRODUCT_NAME = "$(TARGET_NAME)";
				SWIFT_VERSION = 4.2;
				TARGETED_DEVICE_FAMILY = "1,2";
				TEST_HOST = "$(BUILT_PRODUCTS_DIR)/CostOfLivingAlone.app/CostOfLivingAlone";
			};
			name = Release;
		};
/* End XCBuildConfiguration section */

/* Begin XCConfigurationList section */
		93C608C721633BD100FD64E0 /* Build configuration list for PBXProject "CostOfLivingAlone" */ = {
			isa = XCConfigurationList;
			buildConfigurations = (
				93C608E721633BD200FD64E0 /* Debug */,
				93C608E821633BD200FD64E0 /* Release */,
			);
			defaultConfigurationIsVisible = 0;
			defaultConfigurationName = Release;
		};
		93C608E921633BD200FD64E0 /* Build configuration list for PBXNativeTarget "CostOfLivingAlone" */ = {
			isa = XCConfigurationList;
			buildConfigurations = (
				93C608EA21633BD200FD64E0 /* Debug */,
				93C608EB21633BD200FD64E0 /* Release */,
			);
			defaultConfigurationIsVisible = 0;
			defaultConfigurationName = Release;
		};
		93C608EC21633BD200FD64E0 /* Build configuration list for PBXNativeTarget "CostOfLivingAloneTests" */ = {
			isa = XCConfigurationList;
			buildConfigurations = (
				93C608ED21633BD200FD64E0 /* Debug */,
				93C608EE21633BD200FD64E0 /* Release */,
			);
			defaultConfigurationIsVisible = 0;
			defaultConfigurationName = Release;
		};
/* End XCConfigurationList section */
	};
	rootObject = 93C608C421633BD100FD64E0 /* Project object */;
}
